
Microsoft Visual Studio Solution File, Format Version 12.00
# Visual Studio Version 17
VisualStudioVersion = 17.9.34714.143
MinimumVisualStudioVersion = 10.0.40219.1
Project("{FAE04EC0-301F-11D3-BF4B-00C04F79EFBC}") = "BlogProject", "BlogProject\BlogProject.csproj", "{FF7C5963-FC5E-4532-AE80-5A0456D5C78D}"
EndProject
Global
	GlobalSection(SolutionConfigurationPlatforms) = preSolution
		Debug|Any CPU = Debug|Any CPU
		Release|Any CPU = Release|Any CPU
	EndGlobalSection
	GlobalSection(ProjectConfigurationPlatforms) = postSolution
		{FF7C5963-FC5E-4532-AE80-5A0456D5C78D}.Debug|Any CPU.ActiveCfg = Debug|Any CPU
		{FF7C5963-FC5E-4532-AE80-5A0456D5C78D}.Debug|Any CPU.Build.0 = Debug|Any CPU
		{FF7C5963-FC5E-4532-AE80-5A0456D5C78D}.Release|Any CPU.ActiveCfg = Release|Any CPU
		{FF7C5963-FC5E-4532-AE80-5A0456D5C78D}.Release|Any CPU.Build.0 = Release|Any CPU
	EndGlobalSection
	GlobalSection(SolutionProperties) = preSolution
		HideSolutionNode = FALSE
	EndGlobalSection
	GlobalSection(ExtensibilityGlobals) = postSolution
		SolutionGuid = {3BFEF5F1-9103-47DA-8AD1-7E9C0D402424}
	EndGlobalSection
EndGlobal
